// !$*UTF8*$!
{
	archiveVersion = 1;
	classes = {
	};
	objectVersion = 46;
	objects = {

/* Begin PBXBuildFile section */
		2F0FA7D21BE3DC1C00AA202F /* AppDelegate.swift in Sources */ = {isa = PBXBuildFile; fileRef = 2F0FA7D11BE3DC1C00AA202F /* AppDelegate.swift */; };
		2F0FA7D41BE3DC1C00AA202F /* ViewController.swift in Sources */ = {isa = PBXBuildFile; fileRef = 2F0FA7D31BE3DC1C00AA202F /* ViewController.swift */; };
		2F0FA7D71BE3DC1C00AA202F /* Main.storyboard in Resources */ = {isa = PBXBuildFile; fileRef = 2F0FA7D51BE3DC1C00AA202F /* Main.storyboard */; };
		2F0FA7D91BE3DC1C00AA202F /* Assets.xcassets in Resources */ = {isa = PBXBuildFile; fileRef = 2F0FA7D81BE3DC1C00AA202F /* Assets.xcassets */; };
		2F0FA7DC1BE3DC1C00AA202F /* LaunchScreen.storyboard in Resources */ = {isa = PBXBuildFile; fileRef = 2F0FA7DA1BE3DC1C00AA202F /* LaunchScreen.storyboard */; };
		2F0FA7E71BE3DC1C00AA202F /* LonelyOffTests.swift in Sources */ = {isa = PBXBuildFile; fileRef = 2F0FA7E61BE3DC1C00AA202F /* LonelyOffTests.swift */; };
		2F0FA7F21BE3DC1C00AA202F /* LonelyOffUITests.swift in Sources */ = {isa = PBXBuildFile; fileRef = 2F0FA7F11BE3DC1C00AA202F /* LonelyOffUITests.swift */; };
/* End PBXBuildFile section */

/* Begin PBXContainerItemProxy section */
		2F0FA7E31BE3DC1C00AA202F /* PBXContainerItemProxy */ = {
			isa = PBXContainerItemProxy;
			containerPortal = 2F0FA7C61BE3DC1C00AA202F /* Project object */;
			proxyType = 1;
			remoteGlobalIDString = 2F0FA7CD1BE3DC1C00AA202F;
			remoteInfo = LonelyOff;
		};
		2F0FA7EE1BE3DC1C00AA202F /* PBXContainerItemProxy */ = {
			isa = PBXContainerItemProxy;
			containerPortal = 2F0FA7C61BE3DC1C00AA202F /* Project object */;
			proxyType = 1;
			remoteGlobalIDString = 2F0FA7CD1BE3DC1C00AA202F;
			remoteInfo = LonelyOff;
		};
/* End PBXContainerItemProxy section */

/* Begin PBXFileReference section */
		2F0FA7CE1BE3DC1C00AA202F /* LonelyOff.app */ = {isa = PBXFileReference; explicitFileType = wrapper.application; includeInIndex = 0; path = LonelyOff.app; sourceTree = BUILT_PRODUCTS_DIR; };
		2F0FA7D11BE3DC1C00AA202F /* AppDelegate.swift */ = {isa = PBXFileReference; lastKnownFileType = sourcecode.swift; path = AppDelegate.swift; sourceTree = "<group>"; };
		2F0FA7D31BE3DC1C00AA202F /* ViewController.swift */ = {isa = PBXFileReference; lastKnownFileType = sourcecode.swift; path = ViewController.swift; sourceTree = "<group>"; };
		2F0FA7D61BE3DC1C00AA202F /* Base */ = {isa = PBXFileReference; lastKnownFileType = file.storyboard; name = Base; path = Base.lproj/Main.storyboard; sourceTree = "<group>"; };
		2F0FA7D81BE3DC1C00AA202F /* Assets.xcassets */ = {isa = PBXFileReference; lastKnownFileType = folder.assetcatalog; path = Assets.xcassets; sourceTree = "<group>"; };
		2F0FA7DB1BE3DC1C00AA202F /* Base */ = {isa = PBXFileReference; lastKnownFileType = file.storyboard; name = Base; path = Base.lproj/LaunchScreen.storyboard; sourceTree = "<group>"; };
		2F0FA7DD1BE3DC1C00AA202F /* Info.plist */ = {isa = PBXFileReference; lastKnownFileType = text.plist.xml; path = Info.plist; sourceTree = "<group>"; };
		2F0FA7E21BE3DC1C00AA202F /* LonelyOffTests.xctest */ = {isa = PBXFileReference; explicitFileType = wrapper.cfbundle; includeInIndex = 0; path = LonelyOffTests.xctest; sourceTree = BUILT_PRODUCTS_DIR; };
		2F0FA7E61BE3DC1C00AA202F /* LonelyOffTests.swift */ = {isa = PBXFileReference; lastKnownFileType = sourcecode.swift; path = LonelyOffTests.swift; sourceTree = "<group>"; };
		2F0FA7E81BE3DC1C00AA202F /* Info.plist */ = {isa = PBXFileReference; lastKnownFileType = text.plist.xml; path = Info.plist; sourceTree = "<group>"; };
		2F0FA7ED1BE3DC1C00AA202F /* LonelyOffUITests.xctest */ = {isa = PBXFileReference; explicitFileType = wrapper.cfbundle; includeInIndex = 0; path = LonelyOffUITests.xctest; sourceTree = BUILT_PRODUCTS_DIR; };
		2F0FA7F11BE3DC1C00AA202F /* LonelyOffUITests.swift */ = {isa = PBXFileReference; lastKnownFileType = sourcecode.swift; path = LonelyOffUITests.swift; sourceTree = "<group>"; };
		2F0FA7F31BE3DC1C00AA202F /* Info.plist */ = {isa = PBXFileReference; lastKnownFileType = text.plist.xml; path = Info.plist; sourceTree = "<group>"; };
/* End PBXFileReference section */

/* Begin PBXFrameworksBuildPhase section */
		2F0FA7CB1BE3DC1C00AA202F /* Frameworks */ = {
			isa = PBXFrameworksBuildPhase;
			buildActionMask = 2147483647;
			files = (
			);
			runOnlyForDeploymentPostprocessing = 0;
		};
		2F0FA7DF1BE3DC1C00AA202F /* Frameworks */ = {
			isa = PBXFrameworksBuildPhase;
			buildActionMask = 2147483647;
			files = (
			);
			runOnlyForDeploymentPostprocessing = 0;
		};
		2F0FA7EA1BE3DC1C00AA202F /* Frameworks */ = {
			isa = PBXFrameworksBuildPhase;
			buildActionMask = 2147483647;
			files = (
			);
			runOnlyForDeploymentPostprocessing = 0;
		};
/* End PBXFrameworksBuildPhase section */

/* Begin PBXGroup section */
		2F0FA7C51BE3DC1C00AA202F = {
			isa = PBXGroup;
			children = (
				2F0FA7D01BE3DC1C00AA202F /* LonelyOff */,
				2F0FA7E51BE3DC1C00AA202F /* LonelyOffTests */,
				2F0FA7F01BE3DC1C00AA202F /* LonelyOffUITests */,
				2F0FA7CF1BE3DC1C00AA202F /* Products */,
			);
			sourceTree = "<group>";
		};
		2F0FA7CF1BE3DC1C00AA202F /* Products */ = {
			isa = PBXGroup;
			children = (
				2F0FA7CE1BE3DC1C00AA202F /* LonelyOff.app */,
				2F0FA7E21BE3DC1C00AA202F /* LonelyOffTests.xctest */,
				2F0FA7ED1BE3DC1C00AA202F /* LonelyOffUITests.xctest */,
			);
			name = Products;
			sourceTree = "<group>";
		};
		2F0FA7D01BE3DC1C00AA202F /* LonelyOff */ = {
			isa = PBXGroup;
			children = (
				2F0FA7D11BE3DC1C00AA202F /* AppDelegate.swift */,
				2F0FA7D31BE3DC1C00AA202F /* ViewController.swift */,
				2F0FA7D51BE3DC1C00AA202F /* Main.storyboard */,
				2F0FA7D81BE3DC1C00AA202F /* Assets.xcassets */,
				2F0FA7DA1BE3DC1C00AA202F /* LaunchScreen.storyboard */,
				2F0FA7DD1BE3DC1C00AA202F /* Info.plist */,
			);
			path = LonelyOff;
			sourceTree = "<group>";
		};
		2F0FA7E51BE3DC1C00AA202F /* LonelyOffTests */ = {
			isa = PBXGroup;
			children = (
				2F0FA7E61BE3DC1C00AA202F /* LonelyOffTests.swift */,
				2F0FA7E81BE3DC1C00AA202F /* Info.plist */,
			);
			path = LonelyOffTests;
			sourceTree = "<group>";
		};
		2F0FA7F01BE3DC1C00AA202F /* LonelyOffUITests */ = {
			isa = PBXGroup;
			children = (
				2F0FA7F11BE3DC1C00AA202F /* LonelyOffUITests.swift */,
				2F0FA7F31BE3DC1C00AA202F /* Info.plist */,
			);
			path = LonelyOffUITests;
			sourceTree = "<group>";
		};
/* End PBXGroup section */

/* Begin PBXNativeTarget section */
		2F0FA7CD1BE3DC1C00AA202F /* LonelyOff */ = {
			isa = PBXNativeTarget;
			buildConfigurationList = 2F0FA7F61BE3DC1C00AA202F /* Build configuration list for PBXNativeTarget "LonelyOff" */;
			buildPhases = (
				2F0FA7CA1BE3DC1C00AA202F /* Sources */,
				2F0FA7CB1BE3DC1C00AA202F /* Frameworks */,
				2F0FA7CC1BE3DC1C00AA202F /* Resources */,
			);
			buildRules = (
			);
			dependencies = (
			);
			name = LonelyOff;
			productName = LonelyOff;
			productReference = 2F0FA7CE1BE3DC1C00AA202F /* LonelyOff.app */;
			productType = "com.apple.product-type.application";
		};
		2F0FA7E11BE3DC1C00AA202F /* LonelyOffTests */ = {
			isa = PBXNativeTarget;
			buildConfigurationList = 2F0FA7F91BE3DC1C00AA202F /* Build configuration list for PBXNativeTarget "LonelyOffTests" */;
			buildPhases = (
				2F0FA7DE1BE3DC1C00AA202F /* Sources */,
				2F0FA7DF1BE3DC1C00AA202F /* Frameworks */,
				2F0FA7E01BE3DC1C00AA202F /* Resources */,
			);
			buildRules = (
			);
			dependencies = (
				2F0FA7E41BE3DC1C00AA202F /* PBXTargetDependency */,
			);
			name = LonelyOffTests;
			productName = LonelyOffTests;
			productReference = 2F0FA7E21BE3DC1C00AA202F /* LonelyOffTests.xctest */;
			productType = "com.apple.product-type.bundle.unit-test";
		};
		2F0FA7EC1BE3DC1C00AA202F /* LonelyOffUITests */ = {
			isa = PBXNativeTarget;
			buildConfigurationList = 2F0FA7FC1BE3DC1C00AA202F /* Build configuration list for PBXNativeTarget "LonelyOffUITests" */;
			buildPhases = (
				2F0FA7E91BE3DC1C00AA202F /* Sources */,
				2F0FA7EA1BE3DC1C00AA202F /* Frameworks */,
				2F0FA7EB1BE3DC1C00AA202F /* Resources */,
			);
			buildRules = (
			);
			dependencies = (
				2F0FA7EF1BE3DC1C00AA202F /* PBXTargetDependency */,
			);
			name = LonelyOffUITests;
			productName = LonelyOffUITests;
			productReference = 2F0FA7ED1BE3DC1C00AA202F /* LonelyOffUITests.xctest */;
			productType = "com.apple.product-type.bundle.ui-testing";
		};
/* End PBXNativeTarget section */

/* Begin PBXProject section */
		2F0FA7C61BE3DC1C00AA202F /* Project object */ = {
			isa = PBXProject;
			attributes = {
				LastUpgradeCheck = 0700;
				ORGANIZATIONNAME = Jabue;
				TargetAttributes = {
					2F0FA7CD1BE3DC1C00AA202F = {
						CreatedOnToolsVersion = 7.0;
						DevelopmentTeam = LD7DY78L8K;
					};
					2F0FA7E11BE3DC1C00AA202F = {
						CreatedOnToolsVersion = 7.0;
						DevelopmentTeam = LD7DY78L8K;
						TestTargetID = 2F0FA7CD1BE3DC1C00AA202F;
					};
					2F0FA7EC1BE3DC1C00AA202F = {
						CreatedOnToolsVersion = 7.0;
						DevelopmentTeam = LD7DY78L8K;
						TestTargetID = 2F0FA7CD1BE3DC1C00AA202F;
					};
				};
			};
			buildConfigurationList = 2F0FA7C91BE3DC1C00AA202F /* Build configuration list for PBXProject "LonelyOff" */;
			compatibilityVersion = "Xcode 3.2";
			developmentRegion = English;
			hasScannedForEncodings = 0;
			knownRegions = (
				en,
				Base,
			);
			mainGroup = 2F0FA7C51BE3DC1C00AA202F;
			productRefGroup = 2F0FA7CF1BE3DC1C00AA202F /* Products */;
			projectDirPath = "";
			projectRoot = "";
			targets = (
				2F0FA7CD1BE3DC1C00AA202F /* LonelyOff */,
				2F0FA7E11BE3DC1C00AA202F /* LonelyOffTests */,
				2F0FA7EC1BE3DC1C00AA202F /* LonelyOffUITests */,
			);
		};
/* End PBXProject section */

/* Begin PBXResourcesBuildPhase section */
		2F0FA7CC1BE3DC1C00AA202F /* Resources */ = {
			isa = PBXResourcesBuildPhase;
			buildActionMask = 2147483647;
			files = (
				2F0FA7DC1BE3DC1C00AA202F /* LaunchScreen.storyboard in Resources */,
				2F0FA7D91BE3DC1C00AA202F /* Assets.xcassets in Resources */,
				2F0FA7D71BE3DC1C00AA202F /* Main.storyboard in Resources */,
			);
			runOnlyForDeploymentPostprocessing = 0;
		};
		2F0FA7E01BE3DC1C00AA202F /* Resources */ = {
			isa = PBXResourcesBuildPhase;
			buildActionMask = 2147483647;
			files = (
			);
			runOnlyForDeploymentPostprocessing = 0;
		};
		2F0FA7EB1BE3DC1C00AA202F /* Resources */ = {
			isa = PBXResourcesBuildPhase;
			buildActionMask = 2147483647;
			files = (
			);
			runOnlyForDeploymentPostprocessing = 0;
		};
/* End PBXResourcesBuildPhase section */

/* Begin PBXSourcesBuildPhase section */
		2F0FA7CA1BE3DC1C00AA202F /* Sources */ = {
			isa = PBXSourcesBuildPhase;
			buildActionMask = 2147483647;
			files = (
				2F0FA7D41BE3DC1C00AA202F /* ViewController.swift in Sources */,
				2F0FA7D21BE3DC1C00AA202F /* AppDelegate.swift in Sources */,
			);
			runOnlyForDeploymentPostprocessing = 0;
		};
		2F0FA7DE1BE3DC1C00AA202F /* Sources */ = {
			isa = PBXSourcesBuildPhase;
			buildActionMask = 2147483647;
			files = (
				2F0FA7E71BE3DC1C00AA202F /* LonelyOffTests.swift in Sources */,
			);
			runOnlyForDeploymentPostprocessing = 0;
		};
		2F0FA7E91BE3DC1C00AA202F /* Sources */ = {
			isa = PBXSourcesBuildPhase;
			buildActionMask = 2147483647;
			files = (
				2F0FA7F21BE3DC1C00AA202F /* LonelyOffUITests.swift in Sources */,
			);
			runOnlyForDeploymentPostprocessing = 0;
		};
/* End PBXSourcesBuildPhase section */

/* Begin PBXTargetDependency section */
		2F0FA7E41BE3DC1C00AA202F /* PBXTargetDependency */ = {
			isa = PBXTargetDependency;
			target = 2F0FA7CD1BE3DC1C00AA202F /* LonelyOff */;
			targetProxy = 2F0FA7E31BE3DC1C00AA202F /* PBXContainerItemProxy */;
		};
		2F0FA7EF1BE3DC1C00AA202F /* PBXTargetDependency */ = {
			isa = PBXTargetDependency;
			target = 2F0FA7CD1BE3DC1C00AA202F /* LonelyOff */;
			targetProxy = 2F0FA7EE1BE3DC1C00AA202F /* PBXContainerItemProxy */;
		};
/* End PBXTargetDependency section */

/* Begin PBXVariantGroup section */
		2F0FA7D51BE3DC1C00AA202F /* Main.storyboard */ = {
			isa = PBXVariantGroup;
			children = (
				2F0FA7D61BE3DC1C00AA202F /* Base */,
			);
			name = Main.storyboard;
			sourceTree = "<group>";
		};
		2F0FA7DA1BE3DC1C00AA202F /* LaunchScreen.storyboard */ = {
			isa = PBXVariantGroup;
			children = (
				2F0FA7DB1BE3DC1C00AA202F /* Base */,
			);
			name = LaunchScreen.storyboard;
			sourceTree = "<group>";
		};
/* End PBXVariantGroup section */

/* Begin XCBuildConfiguration section */
		2F0FA7F41BE3DC1C00AA202F /* Debug */ = {
			isa = XCBuildConfiguration;
			buildSettings = {
				ALWAYS_SEARCH_USER_PATHS = NO;
				CLANG_CXX_LANGUAGE_STANDARD = "gnu++0x";
				CLANG_CXX_LIBRARY = "libc++";
				CLANG_ENABLE_MODULES = YES;
				CLANG_ENABLE_OBJC_ARC = YES;
				CLANG_WARN_BOOL_CONVERSION = YES;
				CLANG_WARN_CONSTANT_CONVERSION = YES;
				CLANG_WARN_DIRECT_OBJC_ISA_USAGE = YES_ERROR;
				CLANG_WARN_EMPTY_BODY = YES;
				CLANG_WARN_ENUM_CONVERSION = YES;
				CLANG_WARN_INT_CONVERSION = YES;
				CLANG_WARN_OBJC_ROOT_CLASS = YES_ERROR;
				CLANG_WARN_UNREACHABLE_CODE = YES;
				CLANG_WARN__DUPLICATE_METHOD_MATCH = YES;
				"CODE_SIGN_IDENTITY[sdk=iphoneos*]" = "iPhone Developer";
				COPY_PHASE_STRIP = NO;
				DEBUG_INFORMATION_FORMAT = dwarf;
				ENABLE_STRICT_OBJC_MSGSEND = YES;
				ENABLE_TESTABILITY = YES;
				GCC_C_LANGUAGE_STANDARD = gnu99;
				GCC_DYNAMIC_NO_PIC = NO;
				GCC_NO_COMMON_BLOCKS = YES;
				GCC_OPTIMIZATION_LEVEL = 0;
				GCC_PREPROCESSOR_DEFINITIONS = (
					"DEBUG=1",
					"$(inherited)",
				);
				GCC_WARN_64_TO_32_BIT_CONVERSION = YES;
				GCC_WARN_ABOUT_RETURN_TYPE = YES_ERROR;
				GCC_WARN_UNDECLARED_SELECTOR = YES;
				GCC_WARN_UNINITIALIZED_AUTOS = YES_AGGRESSIVE;
				GCC_WARN_UNUSED_FUNCTION = YES;
				GCC_WARN_UNUSED_VARIABLE = YES;
				IPHONEOS_DEPLOYMENT_TARGET = 9.0;
				MTL_ENABLE_DEBUG_INFO = YES;
				ONLY_ACTIVE_ARCH = YES;
				SDKROOT = iphoneos;
				SWIFT_OPTIMIZATION_LEVEL = "-Onone";
				TARGETED_DEVICE_FAMILY = "1,2";
			};
			name = Debug;
		};
		2F0FA7F51BE3DC1C00AA202F /* Release */ = {
			isa = XCBuildConfiguration;
			buildSettings = {
				ALWAYS_SEARCH_USER_PATHS = NO;
				CLANG_CXX_LANGUAGE_STANDARD = "gnu++0x";
				CLANG_CXX_LIBRARY = "libc++";
				CLANG_ENABLE_MODULES = YES;
				CLANG_ENABLE_OBJC_ARC = YES;
				CLANG_WARN_BOOL_CONVERSION = YES;
				CLANG_WARN_CONSTANT_CONVERSION = YES;
				CLANG_WARN_DIRECT_OBJC_ISA_USAGE = YES_ERROR;
				CLANG_WARN_EMPTY_BODY = YES;
				CLANG_WARN_ENUM_CONVERSION = YES;
				CLANG_WARN_INT_CONVERSION = YES;
				CLANG_WARN_OBJC_ROOT_CLASS = YES_ERROR;
				CLANG_WARN_UNREACHABLE_CODE = YES;
				CLANG_WARN__DUPLICATE_METHOD_MATCH = YES;
				"CODE_SIGN_IDENTITY[sdk=iphoneos*]" = "iPhone Developer";
				COPY_PHASE_STRIP = NO;
				DEBUG_INFORMATION_FORMAT = "dwarf-with-dsym";
				ENABLE_NS_ASSERTIONS = NO;
				ENABLE_STRICT_OBJC_MSGSEND = YES;
				GCC_C_LANGUAGE_STANDARD = gnu99;
				GCC_NO_COMMON_BLOCKS = YES;
				GCC_WARN_64_TO_32_BIT_CONVERSION = YES;
				GCC_WARN_ABOUT_RETURN_TYPE = YES_ERROR;
				GCC_WARN_UNDECLARED_SELECTOR = YES;
				GCC_WARN_UNINITIALIZED_AUTOS = YES_AGGRESSIVE;
				GCC_WARN_UNUSED_FUNCTION = YES;
				GCC_WARN_UNUSED_VARIABLE = YES;
				IPHONEOS_DEPLOYMENT_TARGET = 9.0;
				MTL_ENABLE_DEBUG_INFO = NO;
				SDKROOT = iphoneos;
				TARGETED_DEVICE_FAMILY = "1,2";
				VALIDATE_PRODUCT = YES;
			};
			name = Release;
		};
		2F0FA7F71BE3DC1C00AA202F /* Debug */ = {
			isa = XCBuildConfiguration;
			buildSettings = {
				ASSETCATALOG_COMPILER_APPICON_NAME = AppIcon;
				INFOPLIST_FILE = LonelyOff/Info.plist;
				LD_RUNPATH_SEARCH_PATHS = "$(inherited) @executable_path/Frameworks";
				PRODUCT_BUNDLE_IDENTIFIER = Jabue.LonelyOff;
				PRODUCT_NAME = "$(TARGET_NAME)";
			};
			name = Debug;
		};
		2F0FA7F81BE3DC1C00AA202F /* Release */ = {
			isa = XCBuildConfiguration;
			buildSettings = {
				ASSETCATALOG_COMPILER_APPICON_NAME = AppIcon;
				INFOPLIST_FILE = LonelyOff/Info.plist;
				LD_RUNPATH_SEARCH_PATHS = "$(inherited) @executable_path/Frameworks";
				PRODUCT_BUNDLE_IDENTIFIER = Jabue.LonelyOff;
				PRODUCT_NAME = "$(TARGET_NAME)";
			};
			name = Release;
		};
		2F0FA7FA1BE3DC1C00AA202F /* Debug */ = {
			isa = XCBuildConfiguration;
			buildSettings = {
				BUNDLE_LOADER = "$(TEST_HOST)";
				INFOPLIST_FILE = LonelyOffTests/Info.plist;
				LD_RUNPATH_SEARCH_PATHS = "$(inherited) @executable_path/Frameworks @loader_path/Frameworks";
				PRODUCT_BUNDLE_IDENTIFIER = Jabue.LonelyOffTests;
				PRODUCT_NAME = "$(TARGET_NAME)";
				TEST_HOST = "$(BUILT_PRODUCTS_DIR)/LonelyOff.app/LonelyOff";
			};
			name = Debug;
		};
		2F0FA7FB1BE3DC1C00AA202F /* Release */ = {
			isa = XCBuildConfiguration;
			buildSettings = {
				BUNDLE_LOADER = "$(TEST_HOST)";
				INFOPLIST_FILE = LonelyOffTests/Info.plist;
				LD_RUNPATH_SEARCH_PATHS = "$(inherited) @executable_path/Frameworks @loader_path/Frameworks";
				PRODUCT_BUNDLE_IDENTIFIER = Jabue.LonelyOffTests;
				PRODUCT_NAME = "$(TARGET_NAME)";
				TEST_HOST = "$(BUILT_PRODUCTS_DIR)/LonelyOff.app/LonelyOff";
			};
			name = Release;
		};
		2F0FA7FD1BE3DC1C00AA202F /* Debug */ = {
			isa = XCBuildConfiguration;
			buildSettings = {
				INFOPLIST_FILE = LonelyOffUITests/Info.plist;
				LD_RUNPATH_SEARCH_PATHS = "$(inherited) @executable_path/Frameworks @loader_path/Frameworks";
				PRODUCT_BUNDLE_IDENTIFIER = Jabue.LonelyOffUITests;
				PRODUCT_NAME = "$(TARGET_NAME)";
				TEST_TARGET_NAME = LonelyOff;
				USES_XCTRUNNER = YES;
			};
			name = Debug;
		};
		2F0FA7FE1BE3DC1C00AA202F /* Release */ = {
			isa = XCBuildConfiguration;
			buildSettings = {
				INFOPLIST_FILE = LonelyOffUITests/Info.plist;
				LD_RUNPATH_SEARCH_PATHS = "$(inherited) @executable_path/Frameworks @loader_path/Frameworks";
				PRODUCT_BUNDLE_IDENTIFIER = Jabue.LonelyOffUITests;
				PRODUCT_NAME = "$(TARGET_NAME)";
				TEST_TARGET_NAME = LonelyOff;
				USES_XCTRUNNER = YES;
			};
			name = Release;
		};
/* End XCBuildConfiguration section */

/* Begin XCConfigurationList section */
		2F0FA7C91BE3DC1C00AA202F /* Build configuration list for PBXProject "LonelyOff" */ = {
			isa = XCConfigurationList;
			buildConfigurations = (
				2F0FA7F41BE3DC1C00AA202F /* Debug */,
				2F0FA7F51BE3DC1C00AA202F /* Release */,
			);
			defaultConfigurationIsVisible = 0;
			defaultConfigurationName = Release;
		};
		2F0FA7F61BE3DC1C00AA202F /* Build configuration list for PBXNativeTarget "LonelyOff" */ = {
			isa = XCConfigurationList;
			buildConfigurations = (
				2F0FA7F71BE3DC1C00AA202F /* Debug */,
				2F0FA7F81BE3DC1C00AA202F /* Release */,
			);
			defaultConfigurationIsVisible = 0;
		};
		2F0FA7F91BE3DC1C00AA202F /* Build configuration list for PBXNativeTarget "LonelyOffTests" */ = {
			isa = XCConfigurationList;
			buildConfigurations = (
				2F0FA7FA1BE3DC1C00AA202F /* Debug */,
				2F0FA7FB1BE3DC1C00AA202F /* Release */,
			);
			defaultConfigurationIsVisible = 0;
		};
		2F0FA7FC1BE3DC1C00AA202F /* Build configuration list for PBXNativeTarget "LonelyOffUITests" */ = {
			isa = XCConfigurationList;
			buildConfigurations = (
				2F0FA7FD1BE3DC1C00AA202F /* Debug */,
				2F0FA7FE1BE3DC1C00AA202F /* Release */,
			);
			defaultConfigurationIsVisible = 0;
		};
/* End XCConfigurationList section */
	};
	rootObject = 2F0FA7C61BE3DC1C00AA202F /* Project object */;
}
